{
  "lockfileVersion": 1,
  "workspaces": {
    "": {
      "dependencies": {
        "@tanstack/react-query": "^5.90.12",
      },
    },
  },
  "packages": {
    "@tanstack/query-core": ["@tanstack/query-core@5.90.12", "", {}, "sha512-T1/8t5DhV/SisWjDnaiU2drl6ySvsHj1bHBCWNXd+/T+Hh1cf6JodyEYMd5sgwm+b/mETT4EV3H+zCVczCU5hg=="],

    "@tanstack/react-query": ["@tanstack/react-query@5.90.12", "", { "dependencies": { "@tanstack/query-core": "5.90.12" }, "peerDependencies": { "react": "^18 || ^19" } }, "sha512-graRZspg7EoEaw0a8faiUASCyJrqjKPdqJ9EwuDRUF9mEYJ1YPczI9H+/agJ0mOJkPCJDk0lsz5QTrLZ/jQ2rg=="],

    "react": ["react@19.2.1", "", {}, "sha512-DGrYcCWK7tvYMnWh79yrPHt+vdx9tY+1gPZa7nJQtO/p8bLTDaHp4dzwEhQB7pZ4Xe3ok4XKuEPrVuc+wlpkmw=="],
  }
}
